
Microsoft Visual Studio Solution File, Format Version 12.00
# Visual Studio Version 17
VisualStudioVersion = 17.6.33723.286
MinimumVisualStudioVersion = 10.0.40219.1
Project("{FAE04EC0-301F-11D3-BF4B-00C04F79EFBC}") = "Perusjuttuja listan kanssa", "Perusjuttuja listan kanssa\Perusjuttuja listan kanssa.csproj", "{F2AE2A49-4E88-4EDC-B919-BD7903D25F5C}"
EndProject
Global
	GlobalSection(SolutionConfigurationPlatforms) = preSolution
		Debug|Any CPU = Debug|Any CPU
		Release|Any CPU = Release|Any CPU
	EndGlobalSection
	GlobalSection(ProjectConfigurationPlatforms) = postSolution
		{F2AE2A49-4E88-4EDC-B919-BD7903D25F5C}.Debug|Any CPU.ActiveCfg = Debug|Any CPU
		{F2AE2A49-4E88-4EDC-B919-BD7903D25F5C}.Debug|Any CPU.Build.0 = Debug|Any CPU
		{F2AE2A49-4E88-4EDC-B919-BD7903D25F5C}.Release|Any CPU.ActiveCfg = Release|Any CPU
		{F2AE2A49-4E88-4EDC-B919-BD7903D25F5C}.Release|Any CPU.Build.0 = Release|Any CPU
	EndGlobalSection
	GlobalSection(SolutionProperties) = preSolution
		HideSolutionNode = FALSE
	EndGlobalSection
	GlobalSection(ExtensibilityGlobals) = postSolution
		SolutionGuid = {7144C5A1-893A-4DD1-A81F-CC5044C31F53}
	EndGlobalSection
EndGlobal
