
Microsoft Visual Studio Solution File, Format Version 12.00
# Visual Studio Version 17
VisualStudioVersion = 17.6.33723.286
MinimumVisualStudioVersion = 10.0.40219.1
Project("{FAE04EC0-301F-11D3-BF4B-00C04F79EFBC}") = "Merkkien tutkimista", "Merkkien tutkimista\Merkkien tutkimista.csproj", "{B36C9A95-16F9-4189-94ED-AC32ABAF1D98}"
EndProject
Global
	GlobalSection(SolutionConfigurationPlatforms) = preSolution
		Debug|Any CPU = Debug|Any CPU
		Release|Any CPU = Release|Any CPU
	EndGlobalSection
	GlobalSection(ProjectConfigurationPlatforms) = postSolution
		{B36C9A95-16F9-4189-94ED-AC32ABAF1D98}.Debug|Any CPU.ActiveCfg = Debug|Any CPU
		{B36C9A95-16F9-4189-94ED-AC32ABAF1D98}.Debug|Any CPU.Build.0 = Debug|Any CPU
		{B36C9A95-16F9-4189-94ED-AC32ABAF1D98}.Release|Any CPU.ActiveCfg = Release|Any CPU
		{B36C9A95-16F9-4189-94ED-AC32ABAF1D98}.Release|Any CPU.Build.0 = Release|Any CPU
	EndGlobalSection
	GlobalSection(SolutionProperties) = preSolution
		HideSolutionNode = FALSE
	EndGlobalSection
	GlobalSection(ExtensibilityGlobals) = postSolution
		SolutionGuid = {86B6BEC1-96AF-46F4-91E9-049C67CAC47D}
	EndGlobalSection
EndGlobal
