
Microsoft Visual Studio Solution File, Format Version 12.00
# Visual Studio Version 17
VisualStudioVersion = 17.7.34031.279
MinimumVisualStudioVersion = 10.0.40219.1
Project("{FAE04EC0-301F-11D3-BF4B-00C04F79EFBC}") = "Ympyrä", "Ympyrä\Ympyrä.csproj", "{400B7863-5747-4AA1-A5A3-A348E3FC90DE}"
EndProject
Global
	GlobalSection(SolutionConfigurationPlatforms) = preSolution
		Debug|Any CPU = Debug|Any CPU
		Release|Any CPU = Release|Any CPU
	EndGlobalSection
	GlobalSection(ProjectConfigurationPlatforms) = postSolution
		{400B7863-5747-4AA1-A5A3-A348E3FC90DE}.Debug|Any CPU.ActiveCfg = Debug|Any CPU
		{400B7863-5747-4AA1-A5A3-A348E3FC90DE}.Debug|Any CPU.Build.0 = Debug|Any CPU
		{400B7863-5747-4AA1-A5A3-A348E3FC90DE}.Release|Any CPU.ActiveCfg = Release|Any CPU
		{400B7863-5747-4AA1-A5A3-A348E3FC90DE}.Release|Any CPU.Build.0 = Release|Any CPU
	EndGlobalSection
	GlobalSection(SolutionProperties) = preSolution
		HideSolutionNode = FALSE
	EndGlobalSection
	GlobalSection(ExtensibilityGlobals) = postSolution
		SolutionGuid = {EC5B5830-A34E-49DF-9BAD-7C0E40A07F6D}
	EndGlobalSection
EndGlobal
