
Microsoft Visual Studio Solution File, Format Version 12.00
# Visual Studio Version 17
VisualStudioVersion = 17.6.33723.286
MinimumVisualStudioVersion = 10.0.40219.1
Project("{FAE04EC0-301F-11D3-BF4B-00C04F79EFBC}") = "Salasana", "Salasana\Salasana.csproj", "{1A641A9C-F251-4349-AC70-D7CCE00BA40D}"
EndProject
Global
	GlobalSection(SolutionConfigurationPlatforms) = preSolution
		Debug|Any CPU = Debug|Any CPU
		Release|Any CPU = Release|Any CPU
	EndGlobalSection
	GlobalSection(ProjectConfigurationPlatforms) = postSolution
		{1A641A9C-F251-4349-AC70-D7CCE00BA40D}.Debug|Any CPU.ActiveCfg = Debug|Any CPU
		{1A641A9C-F251-4349-AC70-D7CCE00BA40D}.Debug|Any CPU.Build.0 = Debug|Any CPU
		{1A641A9C-F251-4349-AC70-D7CCE00BA40D}.Release|Any CPU.ActiveCfg = Release|Any CPU
		{1A641A9C-F251-4349-AC70-D7CCE00BA40D}.Release|Any CPU.Build.0 = Release|Any CPU
	EndGlobalSection
	GlobalSection(SolutionProperties) = preSolution
		HideSolutionNode = FALSE
	EndGlobalSection
	GlobalSection(ExtensibilityGlobals) = postSolution
		SolutionGuid = {A8A4C9DB-503D-4DF3-A69B-B3278308453B}
	EndGlobalSection
EndGlobal
