
Microsoft Visual Studio Solution File, Format Version 12.00
# Visual Studio Version 17
VisualStudioVersion = 17.6.33723.286
MinimumVisualStudioVersion = 10.0.40219.1
Project("{FAE04EC0-301F-11D3-BF4B-00C04F79EFBC}") = "Mitä_tapahtuu", "Mitä_tapahtuu\Mitä_tapahtuu.csproj", "{EF4B7B8A-AB81-4E0E-A1AF-DDAA2C85A60D}"
EndProject
Global
	GlobalSection(SolutionConfigurationPlatforms) = preSolution
		Debug|Any CPU = Debug|Any CPU
		Release|Any CPU = Release|Any CPU
	EndGlobalSection
	GlobalSection(ProjectConfigurationPlatforms) = postSolution
		{EF4B7B8A-AB81-4E0E-A1AF-DDAA2C85A60D}.Debug|Any CPU.ActiveCfg = Debug|Any CPU
		{EF4B7B8A-AB81-4E0E-A1AF-DDAA2C85A60D}.Debug|Any CPU.Build.0 = Debug|Any CPU
		{EF4B7B8A-AB81-4E0E-A1AF-DDAA2C85A60D}.Release|Any CPU.ActiveCfg = Release|Any CPU
		{EF4B7B8A-AB81-4E0E-A1AF-DDAA2C85A60D}.Release|Any CPU.Build.0 = Release|Any CPU
	EndGlobalSection
	GlobalSection(SolutionProperties) = preSolution
		HideSolutionNode = FALSE
	EndGlobalSection
	GlobalSection(ExtensibilityGlobals) = postSolution
		SolutionGuid = {08E5E21C-03C8-43C4-BCAC-D8205139D059}
	EndGlobalSection
EndGlobal
