
Microsoft Visual Studio Solution File, Format Version 12.00
# Visual Studio Version 17
VisualStudioVersion = 17.6.33723.286
MinimumVisualStudioVersion = 10.0.40219.1
Project("{FAE04EC0-301F-11D3-BF4B-00C04F79EFBC}") = "Merkkijonoesimerkki", "Merkkijonoesimerkki\Merkkijonoesimerkki.csproj", "{88ED6371-5C72-49D6-9F36-D1367B11B599}"
EndProject
Global
	GlobalSection(SolutionConfigurationPlatforms) = preSolution
		Debug|Any CPU = Debug|Any CPU
		Release|Any CPU = Release|Any CPU
	EndGlobalSection
	GlobalSection(ProjectConfigurationPlatforms) = postSolution
		{88ED6371-5C72-49D6-9F36-D1367B11B599}.Debug|Any CPU.ActiveCfg = Debug|Any CPU
		{88ED6371-5C72-49D6-9F36-D1367B11B599}.Debug|Any CPU.Build.0 = Debug|Any CPU
		{88ED6371-5C72-49D6-9F36-D1367B11B599}.Release|Any CPU.ActiveCfg = Release|Any CPU
		{88ED6371-5C72-49D6-9F36-D1367B11B599}.Release|Any CPU.Build.0 = Release|Any CPU
	EndGlobalSection
	GlobalSection(SolutionProperties) = preSolution
		HideSolutionNode = FALSE
	EndGlobalSection
	GlobalSection(ExtensibilityGlobals) = postSolution
		SolutionGuid = {02A07773-9D18-4D0A-A53B-6B849C69F893}
	EndGlobalSection
EndGlobal
