
Microsoft Visual Studio Solution File, Format Version 12.00
# Visual Studio Version 17
VisualStudioVersion = 17.6.33723.286
MinimumVisualStudioVersion = 10.0.40219.1
Project("{FAE04EC0-301F-11D3-BF4B-00C04F79EFBC}") = "IntroToCSharp Nakov", "IntroToCSharp Nakov\IntroToCSharp Nakov.csproj", "{80E0F4A9-DCBE-45FB-947A-966A2EFFC48A}"
EndProject
Global
	GlobalSection(SolutionConfigurationPlatforms) = preSolution
		Debug|Any CPU = Debug|Any CPU
		Release|Any CPU = Release|Any CPU
	EndGlobalSection
	GlobalSection(ProjectConfigurationPlatforms) = postSolution
		{80E0F4A9-DCBE-45FB-947A-966A2EFFC48A}.Debug|Any CPU.ActiveCfg = Debug|Any CPU
		{80E0F4A9-DCBE-45FB-947A-966A2EFFC48A}.Debug|Any CPU.Build.0 = Debug|Any CPU
		{80E0F4A9-DCBE-45FB-947A-966A2EFFC48A}.Release|Any CPU.ActiveCfg = Release|Any CPU
		{80E0F4A9-DCBE-45FB-947A-966A2EFFC48A}.Release|Any CPU.Build.0 = Release|Any CPU
	EndGlobalSection
	GlobalSection(SolutionProperties) = preSolution
		HideSolutionNode = FALSE
	EndGlobalSection
	GlobalSection(ExtensibilityGlobals) = postSolution
		SolutionGuid = {836AE83E-21E8-49ED-8BAB-99E3CC475A94}
	EndGlobalSection
EndGlobal
