
Microsoft Visual Studio Solution File, Format Version 12.00
# Visual Studio Version 17
VisualStudioVersion = 17.7.34024.191
MinimumVisualStudioVersion = 10.0.40219.1
Project("{FAE04EC0-301F-11D3-BF4B-00C04F79EFBC}") = "Nopanheitto", "Nopanheitto\Nopanheitto.csproj", "{A0E55EAF-425B-4A96-9F40-CE2209A9332D}"
EndProject
Global
	GlobalSection(SolutionConfigurationPlatforms) = preSolution
		Debug|Any CPU = Debug|Any CPU
		Release|Any CPU = Release|Any CPU
	EndGlobalSection
	GlobalSection(ProjectConfigurationPlatforms) = postSolution
		{A0E55EAF-425B-4A96-9F40-CE2209A9332D}.Debug|Any CPU.ActiveCfg = Debug|Any CPU
		{A0E55EAF-425B-4A96-9F40-CE2209A9332D}.Debug|Any CPU.Build.0 = Debug|Any CPU
		{A0E55EAF-425B-4A96-9F40-CE2209A9332D}.Release|Any CPU.ActiveCfg = Release|Any CPU
		{A0E55EAF-425B-4A96-9F40-CE2209A9332D}.Release|Any CPU.Build.0 = Release|Any CPU
	EndGlobalSection
	GlobalSection(SolutionProperties) = preSolution
		HideSolutionNode = FALSE
	EndGlobalSection
	GlobalSection(ExtensibilityGlobals) = postSolution
		SolutionGuid = {6AA609F9-6CB0-4BE4-B8F1-8919B211E42D}
	EndGlobalSection
EndGlobal
